
Microsoft Visual Studio Solution File, Format Version 12.00
# Visual Studio 15
VisualStudioVersion = 15.0.28010.2016
MinimumVisualStudioVersion = 10.0.40219.1
Project("{FAE04EC0-301F-11D3-BF4B-00C04F79EFBC}") = "saintify", "saintify\saintify.csproj", "{80149266-9D69-4728-8103-27771F5CB94A}"
EndProject
Project("{FAE04EC0-301F-11D3-BF4B-00C04F79EFBC}") = "UnitTestSaintify", "TestSaintify\UnitTestSaintify.csproj", "{102BC0B8-02BB-4157-AC28-D050F36AE0D0}"
EndProject
Global
	GlobalSection(SolutionConfigurationPlatforms) = preSolution
		Debug|Any CPU = Debug|Any CPU
		Release|Any CPU = Release|Any CPU
	EndGlobalSection
	GlobalSection(ProjectConfigurationPlatforms) = postSolution
		{80149266-9D69-4728-8103-27771F5CB94A}.Debug|Any CPU.ActiveCfg = Debug|Any CPU
		{80149266-9D69-4728-8103-27771F5CB94A}.Debug|Any CPU.Build.0 = Debug|Any CPU
		{80149266-9D69-4728-8103-27771F5CB94A}.Release|Any CPU.ActiveCfg = Release|Any CPU
		{80149266-9D69-4728-8103-27771F5CB94A}.Release|Any CPU.Build.0 = Release|Any CPU
		{102BC0B8-02BB-4157-AC28-D050F36AE0D0}.Debug|Any CPU.ActiveCfg = Debug|Any CPU
		{102BC0B8-02BB-4157-AC28-D050F36AE0D0}.Debug|Any CPU.Build.0 = Debug|Any CPU
		{102BC0B8-02BB-4157-AC28-D050F36AE0D0}.Release|Any CPU.ActiveCfg = Release|Any CPU
		{102BC0B8-02BB-4157-AC28-D050F36AE0D0}.Release|Any CPU.Build.0 = Release|Any CPU
	EndGlobalSection
	GlobalSection(SolutionProperties) = preSolution
		HideSolutionNode = FALSE
	EndGlobalSection
	GlobalSection(ExtensibilityGlobals) = postSolution
		SolutionGuid = {B074A47A-6DC9-4D86-A0F6-0B5DD519DDF4}
	EndGlobalSection
EndGlobal
